{
  "originHash" : "4ee17a794643dd555dc682ee37aa367a6b9a22687a869d75bc2121b5a3c71a8b",
  "pins" : [
    {
      "identity" : "applesoftbasic",
      "kind" : "remoteSourceControl",
      "location" : "https://github.com/jpurnell/ApplesoftBASIC.git",
      "state" : {
        "branch" : "main",
        "revision" : "87fc31f25361c882a22141015a7cdcba85eb16ad"
      }
    }
  ],
  "version" : 3
}
